<?xml version="1.0" encoding="utf-8"?>
<Project ToolsVersion="4.0" xmlns="http://schemas.microsoft.com/developer/msbuild/2003">
  <ItemGroup>
    <Filter Include="Src">
      <UniqueIdentifier>{4FC737F1-C7A5-4376-A066-2A32D752A2FF}</UniqueIdentifier>
      <Extensions>cpp;c;cc;cxx;c++;cppm;ixx;def;odl;idl;hpj;bat;asm;asmx</Extensions>
    </Filter>
    <Filter Include="Src\头文件">
      <UniqueIdentifier>{cffb73c0-ebb8-4505-a3dc-27cf15705a3a}</UniqueIdentifier>
    </Filter>
    <Filter Include="Src\源文件">
      <UniqueIdentifier>{853fee52-304d-464c-a23d-1aaf12227794}</UniqueIdentifier>
    </Filter>
  </ItemGroup>
  <ItemGroup>
    <ClCompile Include="Src\main.cpp">
      <Filter>Src\源文件</Filter>
    </ClCompile>
  </ItemGroup>
  <ItemGroup>
    <ClInclude Include="Src\people.h">
      <Filter>Src\头文件</Filter>
    </ClInclude>
    <ClInclude Include="Src\manage.h">
      <Filter>Src\头文件</Filter>
    </ClInclude>
  </ItemGroup>
</Project>